github.com/BurntSushi/toml v1.0.0 h1:dtDWrepsVPfW9H/4y7dDgFc2MBUSeJhlaDtK13CxFlU=
github.com/BurntSushi/toml v1.0.0/go.mod h1:CxXYINrC8qIiEnFrOxCa7Jy5BFHlXnUU2pbicEuybxQ=
github.com/gadost/telescope/errors v0.0.0-20220121103748-bf16892c0575 h1:ld8VDomlJ+8nWXbDV/FUVCqJgrrL1pO5R6X6HCGBPeM=
github.com/gadost/telescope/errors v0.0.0-20220121103748-bf16892c0575/go.mod h1:IGvWf27o46q82vZ4KwFWfioRs1SQKdm+LRu1zeVkwXU=
